
Microsoft Visual Studio Solution File, Format Version 12.00
# Visual Studio Version 17
VisualStudioVersion = 17.9.34728.123
MinimumVisualStudioVersion = 10.0.40219.1
Project("{9A19103F-16F7-4668-BE54-9A1E7A4F7556}") = "TypingPractice.ConsoleApp", "TypingPractice.ConsoleApp\TypingPractice.ConsoleApp.csproj", "{BE466C1C-2B75-4FDF-9797-ECA6FBF14CBA}"
EndProject
Project("{2150E333-8FDC-42A3-9474-1A3956D46DE8}") = "Tests", "Tests", "{0B6090DF-2932-4BA1-9ED0-B8195C3AC7D6}"
EndProject
Project("{FAE04EC0-301F-11D3-BF4B-00C04F79EFBC}") = "TypingPractice.ConsoleApp.Tests", "TypingPractice.ConsoleApp.Tests\TypingPractice.ConsoleApp.Tests.csproj", "{DD7311FB-898A-4308-B5E5-BBD95D6D8DC2}"
EndProject
Global
	GlobalSection(SolutionConfigurationPlatforms) = preSolution
		Debug|Any CPU = Debug|Any CPU
		Release|Any CPU = Release|Any CPU
	EndGlobalSection
	GlobalSection(ProjectConfigurationPlatforms) = postSolution
		{BE466C1C-2B75-4FDF-9797-ECA6FBF14CBA}.Debug|Any CPU.ActiveCfg = Debug|Any CPU
		{BE466C1C-2B75-4FDF-9797-ECA6FBF14CBA}.Debug|Any CPU.Build.0 = Debug|Any CPU
		{BE466C1C-2B75-4FDF-9797-ECA6FBF14CBA}.Release|Any CPU.ActiveCfg = Release|Any CPU
		{BE466C1C-2B75-4FDF-9797-ECA6FBF14CBA}.Release|Any CPU.Build.0 = Release|Any CPU
		{DD7311FB-898A-4308-B5E5-BBD95D6D8DC2}.Debug|Any CPU.ActiveCfg = Debug|Any CPU
		{DD7311FB-898A-4308-B5E5-BBD95D6D8DC2}.Debug|Any CPU.Build.0 = Debug|Any CPU
		{DD7311FB-898A-4308-B5E5-BBD95D6D8DC2}.Release|Any CPU.ActiveCfg = Release|Any CPU
		{DD7311FB-898A-4308-B5E5-BBD95D6D8DC2}.Release|Any CPU.Build.0 = Release|Any CPU
	EndGlobalSection
	GlobalSection(SolutionProperties) = preSolution
		HideSolutionNode = FALSE
	EndGlobalSection
	GlobalSection(NestedProjects) = preSolution
		{DD7311FB-898A-4308-B5E5-BBD95D6D8DC2} = {0B6090DF-2932-4BA1-9ED0-B8195C3AC7D6}
	EndGlobalSection
	GlobalSection(ExtensibilityGlobals) = postSolution
		SolutionGuid = {D510CE6A-D296-4F47-AC96-916E99129261}
	EndGlobalSection
EndGlobal
